{
  "name": "@writetome51/get-date-time-id",
  "version": "1.0.0",
  "lockfileVersion": 1,
  "requires": true,
  "dependencies": {
    "@writetome51/get-array-year-month-day-hours-minutes-seconds": {
      "version": "0.0.1",
      "resolved": "https://registry.npmjs.org/@writetome51/get-array-year-month-day-hours-minutes-seconds/-/get-array-year-month-day-hours-minutes-seconds-0.0.1.tgz",
      "integrity": "sha512-+JqeRukCHbY2hC903DEAGPgLSPu5Zl269skX5JZyy/MM/DRcupr5jWOkytoDkJ/M1a1nVvz0rM+YqorGsJu6kA==",
      "requires": {
        "@writetome51/not": "^1.0.5"
      }
    },
    "@writetome51/get-date-id-time-id": {
      "version": "2.0.0",
      "resolved": "https://registry.npmjs.org/@writetome51/get-date-id-time-id/-/get-date-id-time-id-2.0.0.tgz",
      "integrity": "sha512-0FynG/UYaasHNchZTgeQf5koSXSQ1Cf0RUqOeanG5+QWmFldK7ejkbbm7Xz/MbXyIs2pc+ZYvJ5foDYvWUPPWw==",
      "requires": {
        "@writetome51/get-array-year-month-day-hours-minutes-seconds": "0.0.1",
        "@writetome51/has-value-no-value": "^1.0.2",
        "@writetome51/modify-object": "^1.0.0",
        "@writetome51/year-separator-options": "0.0.1",
        "types-date-format-order-time-format-order": "^0.0.1"
      }
    },
    "@writetome51/has-value-no-value": {
      "version": "1.0.2",
      "resolved": "https://registry.npmjs.org/@writetome51/has-value-no-value/-/has-value-no-value-1.0.2.tgz",
      "integrity": "sha512-p4ZyPK0hsBQrFkv0r0bxBfqMWttTDgAzyYx7H1QZVOnoGMz4k9ojurx3R+Nz5vhbzXPLKLFw75otpnR8yI5foA=="
    },
    "@writetome51/modify-object": {
      "version": "1.0.0",
      "resolved": "https://registry.npmjs.org/@writetome51/modify-object/-/modify-object-1.0.0.tgz",
      "integrity": "sha512-m7YkBKk9xVCII76i3tQEH59GuCHzwn1XjJP+syjTkibf0fB3dWyy6KhRZ4lVA6mySHnBCnoaoCjDQjn7C/PLgQ=="
    },
    "@writetome51/not": {
      "version": "1.0.5",
      "resolved": "https://registry.npmjs.org/@writetome51/not/-/not-1.0.5.tgz",
      "integrity": "sha512-aZWWAnbfb5zi0dkfUyiSQaC2Ag2LMbvWA6QzRLS0537XZ/DQOeUKUSsxIltZ9vFoPY8kPuCrS/30mC6+q/u81w=="
    },
    "@writetome51/year-separator-options": {
      "version": "0.0.1",
      "resolved": "https://registry.npmjs.org/@writetome51/year-separator-options/-/year-separator-options-0.0.1.tgz",
      "integrity": "sha512-cTw9CqQu3cTcCRg+JOJtE03ga80CThIpzyhYrExtPLbe36AKRXJ6zue75jIUN/TivWYL+r5f2jVs4Fbb1i2RKQ=="
    },
    "types-date-format-order-time-format-order": {
      "version": "0.0.1",
      "resolved": "https://registry.npmjs.org/types-date-format-order-time-format-order/-/types-date-format-order-time-format-order-0.0.1.tgz",
      "integrity": "sha512-TaVCdK+YbaW+Ohv+hxjnst4tyer848zT3e3UVgWANjog5R34zIZazw1Su8Y1pH4Vzd0SMMG0dDxARAR4rf9SHw=="
    }
  }
}
